
Microsoft Visual Studio Solution File, Format Version 12.00
# Visual Studio 15
VisualStudioVersion = 15.0.28010.0
MinimumVisualStudioVersion = 10.0.40219.1
Project("{FAE04EC0-301F-11D3-BF4B-00C04F79EFBC}") = "Write-A-Thon", "Write-A-Thon\Write-A-Thon.csproj", "{A0AC37E7-6483-4634-B143-E8B7C5AD45B9}"
EndProject
Global
	GlobalSection(SolutionConfigurationPlatforms) = preSolution
		Debug|ARM = Debug|ARM
		Debug|x64 = Debug|x64
		Debug|x86 = Debug|x86
		Release|ARM = Release|ARM
		Release|x64 = Release|x64
		Release|x86 = Release|x86
	EndGlobalSection
	GlobalSection(ProjectConfigurationPlatforms) = postSolution
		{A0AC37E7-6483-4634-B143-E8B7C5AD45B9}.Debug|ARM.ActiveCfg = Debug|ARM
		{A0AC37E7-6483-4634-B143-E8B7C5AD45B9}.Debug|ARM.Build.0 = Debug|ARM
		{A0AC37E7-6483-4634-B143-E8B7C5AD45B9}.Debug|ARM.Deploy.0 = Debug|ARM
		{A0AC37E7-6483-4634-B143-E8B7C5AD45B9}.Debug|x64.ActiveCfg = Debug|x64
		{A0AC37E7-6483-4634-B143-E8B7C5AD45B9}.Debug|x64.Build.0 = Debug|x64
		{A0AC37E7-6483-4634-B143-E8B7C5AD45B9}.Debug|x64.Deploy.0 = Debug|x64
		{A0AC37E7-6483-4634-B143-E8B7C5AD45B9}.Debug|x86.ActiveCfg = Debug|x86
		{A0AC37E7-6483-4634-B143-E8B7C5AD45B9}.Debug|x86.Build.0 = Debug|x86
		{A0AC37E7-6483-4634-B143-E8B7C5AD45B9}.Debug|x86.Deploy.0 = Debug|x86
		{A0AC37E7-6483-4634-B143-E8B7C5AD45B9}.Release|ARM.ActiveCfg = Release|ARM
		{A0AC37E7-6483-4634-B143-E8B7C5AD45B9}.Release|ARM.Build.0 = Release|ARM
		{A0AC37E7-6483-4634-B143-E8B7C5AD45B9}.Release|ARM.Deploy.0 = Release|ARM
		{A0AC37E7-6483-4634-B143-E8B7C5AD45B9}.Release|x64.ActiveCfg = Release|x64
		{A0AC37E7-6483-4634-B143-E8B7C5AD45B9}.Release|x64.Build.0 = Release|x64
		{A0AC37E7-6483-4634-B143-E8B7C5AD45B9}.Release|x64.Deploy.0 = Release|x64
		{A0AC37E7-6483-4634-B143-E8B7C5AD45B9}.Release|x86.ActiveCfg = Release|x86
		{A0AC37E7-6483-4634-B143-E8B7C5AD45B9}.Release|x86.Build.0 = Release|x86
		{A0AC37E7-6483-4634-B143-E8B7C5AD45B9}.Release|x86.Deploy.0 = Release|x86
	EndGlobalSection
	GlobalSection(SolutionProperties) = preSolution
		HideSolutionNode = FALSE
	EndGlobalSection
	GlobalSection(ExtensibilityGlobals) = postSolution
		SolutionGuid = {38081F48-87BD-496A-B2C1-9360FFEBE35D}
	EndGlobalSection
EndGlobal
